
Microsoft Visual Studio Solution File, Format Version 12.00
# Visual Studio 2012
Project("{FAE04EC0-301F-11D3-BF4B-00C04F79EFBC}") = "MangaViewer", "MangaViewer\MangaViewer.csproj", "{4742903C-257D-4B80-ADD9-2F57EA18A00A}"
EndProject
Project("{FAE04EC0-301F-11D3-BF4B-00C04F79EFBC}") = "MangaViewer.Foundation", "MangaViewer.Foundation\MangaViewer.Foundation.csproj", "{44A290B4-7C31-4923-AB74-BEB4DDDAC315}"
EndProject
Project("{FAE04EC0-301F-11D3-BF4B-00C04F79EFBC}") = "MangaViewer.Service", "MangaViewer.Service\MangaViewer.Service.csproj", "{E85E6CC4-F2CA-47DB-9FE0-1B6DFF956ACD}"
EndProject
Project("{FAE04EC0-301F-11D3-BF4B-00C04F79EFBC}") = "MangaViewer.Model", "MangaViewer.Model\MangaViewer.Model.csproj", "{CE732BBF-1091-4040-B984-773F14441B33}"
EndProject
Project("{FAE04EC0-301F-11D3-BF4B-00C04F79EFBC}") = "MangaViewer.Common", "MangaViewer.Common\MangaViewer.Common.csproj", "{68C2CFF0-59A9-4B39-A730-4E548CA0554E}"
EndProject
Project("{FAE04EC0-301F-11D3-BF4B-00C04F79EFBC}") = "MangaViewerWP", "MangaViewerWP\MangaViewerWP.csproj", "{C2AAD500-112A-4990-BC48-62750B0F7AE1}"
EndProject
Project("{FAE04EC0-301F-11D3-BF4B-00C04F79EFBC}") = "MangaViewer.Web", "MangaViewer.Web\MangaViewer.Web.csproj", "{E97EC1D2-50D8-476A-9013-DFA637521448}"
EndProject
Global
	GlobalSection(SolutionConfigurationPlatforms) = preSolution
		Debug|Any CPU = Debug|Any CPU
		Debug|ARM = Debug|ARM
		Debug|x64 = Debug|x64
		Debug|x86 = Debug|x86
		Release|Any CPU = Release|Any CPU
		Release|ARM = Release|ARM
		Release|x64 = Release|x64
		Release|x86 = Release|x86
	EndGlobalSection
	GlobalSection(ProjectConfigurationPlatforms) = postSolution
		{4742903C-257D-4B80-ADD9-2F57EA18A00A}.Debug|Any CPU.ActiveCfg = Debug|Any CPU
		{4742903C-257D-4B80-ADD9-2F57EA18A00A}.Debug|Any CPU.Build.0 = Debug|Any CPU
		{4742903C-257D-4B80-ADD9-2F57EA18A00A}.Debug|Any CPU.Deploy.0 = Debug|Any CPU
		{4742903C-257D-4B80-ADD9-2F57EA18A00A}.Debug|ARM.ActiveCfg = Debug|ARM
		{4742903C-257D-4B80-ADD9-2F57EA18A00A}.Debug|ARM.Build.0 = Debug|ARM
		{4742903C-257D-4B80-ADD9-2F57EA18A00A}.Debug|ARM.Deploy.0 = Debug|ARM
		{4742903C-257D-4B80-ADD9-2F57EA18A00A}.Debug|x64.ActiveCfg = Debug|x64
		{4742903C-257D-4B80-ADD9-2F57EA18A00A}.Debug|x64.Build.0 = Debug|x64
		{4742903C-257D-4B80-ADD9-2F57EA18A00A}.Debug|x64.Deploy.0 = Debug|x64
		{4742903C-257D-4B80-ADD9-2F57EA18A00A}.Debug|x86.ActiveCfg = Debug|x86
		{4742903C-257D-4B80-ADD9-2F57EA18A00A}.Debug|x86.Build.0 = Debug|x86
		{4742903C-257D-4B80-ADD9-2F57EA18A00A}.Debug|x86.Deploy.0 = Debug|x86
		{4742903C-257D-4B80-ADD9-2F57EA18A00A}.Release|Any CPU.ActiveCfg = Release|Any CPU
		{4742903C-257D-4B80-ADD9-2F57EA18A00A}.Release|Any CPU.Build.0 = Release|Any CPU
		{4742903C-257D-4B80-ADD9-2F57EA18A00A}.Release|Any CPU.Deploy.0 = Release|Any CPU
		{4742903C-257D-4B80-ADD9-2F57EA18A00A}.Release|ARM.ActiveCfg = Release|ARM
		{4742903C-257D-4B80-ADD9-2F57EA18A00A}.Release|ARM.Build.0 = Release|ARM
		{4742903C-257D-4B80-ADD9-2F57EA18A00A}.Release|ARM.Deploy.0 = Release|ARM
		{4742903C-257D-4B80-ADD9-2F57EA18A00A}.Release|x64.ActiveCfg = Release|x64
		{4742903C-257D-4B80-ADD9-2F57EA18A00A}.Release|x64.Build.0 = Release|x64
		{4742903C-257D-4B80-ADD9-2F57EA18A00A}.Release|x64.Deploy.0 = Release|x64
		{4742903C-257D-4B80-ADD9-2F57EA18A00A}.Release|x86.ActiveCfg = Release|x86
		{4742903C-257D-4B80-ADD9-2F57EA18A00A}.Release|x86.Build.0 = Release|x86
		{4742903C-257D-4B80-ADD9-2F57EA18A00A}.Release|x86.Deploy.0 = Release|x86
		{44A290B4-7C31-4923-AB74-BEB4DDDAC315}.Debug|Any CPU.ActiveCfg = Debug|Any CPU
		{44A290B4-7C31-4923-AB74-BEB4DDDAC315}.Debug|Any CPU.Build.0 = Debug|Any CPU
		{44A290B4-7C31-4923-AB74-BEB4DDDAC315}.Debug|ARM.ActiveCfg = Debug|ARM
		{44A290B4-7C31-4923-AB74-BEB4DDDAC315}.Debug|ARM.Build.0 = Debug|ARM
		{44A290B4-7C31-4923-AB74-BEB4DDDAC315}.Debug|x64.ActiveCfg = Debug|x64
		{44A290B4-7C31-4923-AB74-BEB4DDDAC315}.Debug|x64.Build.0 = Debug|x64
		{44A290B4-7C31-4923-AB74-BEB4DDDAC315}.Debug|x86.ActiveCfg = Debug|x86
		{44A290B4-7C31-4923-AB74-BEB4DDDAC315}.Debug|x86.Build.0 = Debug|x86
		{44A290B4-7C31-4923-AB74-BEB4DDDAC315}.Release|Any CPU.ActiveCfg = Release|Any CPU
		{44A290B4-7C31-4923-AB74-BEB4DDDAC315}.Release|Any CPU.Build.0 = Release|Any CPU
		{44A290B4-7C31-4923-AB74-BEB4DDDAC315}.Release|ARM.ActiveCfg = Release|ARM
		{44A290B4-7C31-4923-AB74-BEB4DDDAC315}.Release|ARM.Build.0 = Release|ARM
		{44A290B4-7C31-4923-AB74-BEB4DDDAC315}.Release|x64.ActiveCfg = Release|x64
		{44A290B4-7C31-4923-AB74-BEB4DDDAC315}.Release|x64.Build.0 = Release|x64
		{44A290B4-7C31-4923-AB74-BEB4DDDAC315}.Release|x86.ActiveCfg = Release|x86
		{44A290B4-7C31-4923-AB74-BEB4DDDAC315}.Release|x86.Build.0 = Release|x86
		{E85E6CC4-F2CA-47DB-9FE0-1B6DFF956ACD}.Debug|Any CPU.ActiveCfg = Debug|Any CPU
		{E85E6CC4-F2CA-47DB-9FE0-1B6DFF956ACD}.Debug|Any CPU.Build.0 = Debug|Any CPU
		{E85E6CC4-F2CA-47DB-9FE0-1B6DFF956ACD}.Debug|ARM.ActiveCfg = Debug|ARM
		{E85E6CC4-F2CA-47DB-9FE0-1B6DFF956ACD}.Debug|ARM.Build.0 = Debug|ARM
		{E85E6CC4-F2CA-47DB-9FE0-1B6DFF956ACD}.Debug|x64.ActiveCfg = Debug|x64
		{E85E6CC4-F2CA-47DB-9FE0-1B6DFF956ACD}.Debug|x64.Build.0 = Debug|x64
		{E85E6CC4-F2CA-47DB-9FE0-1B6DFF956ACD}.Debug|x86.ActiveCfg = Debug|x86
		{E85E6CC4-F2CA-47DB-9FE0-1B6DFF956ACD}.Debug|x86.Build.0 = Debug|x86
		{E85E6CC4-F2CA-47DB-9FE0-1B6DFF956ACD}.Release|Any CPU.ActiveCfg = Release|Any CPU
		{E85E6CC4-F2CA-47DB-9FE0-1B6DFF956ACD}.Release|Any CPU.Build.0 = Release|Any CPU
		{E85E6CC4-F2CA-47DB-9FE0-1B6DFF956ACD}.Release|ARM.ActiveCfg = Release|ARM
		{E85E6CC4-F2CA-47DB-9FE0-1B6DFF956ACD}.Release|ARM.Build.0 = Release|ARM
		{E85E6CC4-F2CA-47DB-9FE0-1B6DFF956ACD}.Release|x64.ActiveCfg = Release|x64
		{E85E6CC4-F2CA-47DB-9FE0-1B6DFF956ACD}.Release|x64.Build.0 = Release|x64
		{E85E6CC4-F2CA-47DB-9FE0-1B6DFF956ACD}.Release|x86.ActiveCfg = Release|x86
		{E85E6CC4-F2CA-47DB-9FE0-1B6DFF956ACD}.Release|x86.Build.0 = Release|x86
		{CE732BBF-1091-4040-B984-773F14441B33}.Debug|Any CPU.ActiveCfg = Debug|Any CPU
		{CE732BBF-1091-4040-B984-773F14441B33}.Debug|Any CPU.Build.0 = Debug|Any CPU
		{CE732BBF-1091-4040-B984-773F14441B33}.Debug|ARM.ActiveCfg = Debug|ARM
		{CE732BBF-1091-4040-B984-773F14441B33}.Debug|ARM.Build.0 = Debug|ARM
		{CE732BBF-1091-4040-B984-773F14441B33}.Debug|x64.ActiveCfg = Debug|x64
		{CE732BBF-1091-4040-B984-773F14441B33}.Debug|x64.Build.0 = Debug|x64
		{CE732BBF-1091-4040-B984-773F14441B33}.Debug|x86.ActiveCfg = Debug|x86
		{CE732BBF-1091-4040-B984-773F14441B33}.Debug|x86.Build.0 = Debug|x86
		{CE732BBF-1091-4040-B984-773F14441B33}.Release|Any CPU.ActiveCfg = Release|Any CPU
		{CE732BBF-1091-4040-B984-773F14441B33}.Release|Any CPU.Build.0 = Release|Any CPU
		{CE732BBF-1091-4040-B984-773F14441B33}.Release|ARM.ActiveCfg = Release|ARM
		{CE732BBF-1091-4040-B984-773F14441B33}.Release|ARM.Build.0 = Release|ARM
		{CE732BBF-1091-4040-B984-773F14441B33}.Release|x64.ActiveCfg = Release|x64
		{CE732BBF-1091-4040-B984-773F14441B33}.Release|x64.Build.0 = Release|x64
		{CE732BBF-1091-4040-B984-773F14441B33}.Release|x86.ActiveCfg = Release|x86
		{CE732BBF-1091-4040-B984-773F14441B33}.Release|x86.Build.0 = Release|x86
		{68C2CFF0-59A9-4B39-A730-4E548CA0554E}.Debug|Any CPU.ActiveCfg = Debug|Any CPU
		{68C2CFF0-59A9-4B39-A730-4E548CA0554E}.Debug|Any CPU.Build.0 = Debug|Any CPU
		{68C2CFF0-59A9-4B39-A730-4E548CA0554E}.Debug|ARM.ActiveCfg = Debug|ARM
		{68C2CFF0-59A9-4B39-A730-4E548CA0554E}.Debug|ARM.Build.0 = Debug|ARM
		{68C2CFF0-59A9-4B39-A730-4E548CA0554E}.Debug|x64.ActiveCfg = Debug|x64
		{68C2CFF0-59A9-4B39-A730-4E548CA0554E}.Debug|x64.Build.0 = Debug|x64
		{68C2CFF0-59A9-4B39-A730-4E548CA0554E}.Debug|x86.ActiveCfg = Debug|x86
		{68C2CFF0-59A9-4B39-A730-4E548CA0554E}.Debug|x86.Build.0 = Debug|x86
		{68C2CFF0-59A9-4B39-A730-4E548CA0554E}.Release|Any CPU.ActiveCfg = Release|Any CPU
		{68C2CFF0-59A9-4B39-A730-4E548CA0554E}.Release|Any CPU.Build.0 = Release|Any CPU
		{68C2CFF0-59A9-4B39-A730-4E548CA0554E}.Release|ARM.ActiveCfg = Release|ARM
		{68C2CFF0-59A9-4B39-A730-4E548CA0554E}.Release|ARM.Build.0 = Release|ARM
		{68C2CFF0-59A9-4B39-A730-4E548CA0554E}.Release|x64.ActiveCfg = Release|x64
		{68C2CFF0-59A9-4B39-A730-4E548CA0554E}.Release|x64.Build.0 = Release|x64
		{68C2CFF0-59A9-4B39-A730-4E548CA0554E}.Release|x86.ActiveCfg = Release|x86
		{68C2CFF0-59A9-4B39-A730-4E548CA0554E}.Release|x86.Build.0 = Release|x86
		{C2AAD500-112A-4990-BC48-62750B0F7AE1}.Debug|Any CPU.ActiveCfg = Debug|Any CPU
		{C2AAD500-112A-4990-BC48-62750B0F7AE1}.Debug|Any CPU.Build.0 = Debug|Any CPU
		{C2AAD500-112A-4990-BC48-62750B0F7AE1}.Debug|Any CPU.Deploy.0 = Debug|Any CPU
		{C2AAD500-112A-4990-BC48-62750B0F7AE1}.Debug|ARM.ActiveCfg = Debug|ARM
		{C2AAD500-112A-4990-BC48-62750B0F7AE1}.Debug|ARM.Build.0 = Debug|ARM
		{C2AAD500-112A-4990-BC48-62750B0F7AE1}.Debug|ARM.Deploy.0 = Debug|ARM
		{C2AAD500-112A-4990-BC48-62750B0F7AE1}.Debug|x64.ActiveCfg = Debug|Any CPU
		{C2AAD500-112A-4990-BC48-62750B0F7AE1}.Debug|x86.ActiveCfg = Debug|x86
		{C2AAD500-112A-4990-BC48-62750B0F7AE1}.Debug|x86.Build.0 = Debug|x86
		{C2AAD500-112A-4990-BC48-62750B0F7AE1}.Debug|x86.Deploy.0 = Debug|x86
		{C2AAD500-112A-4990-BC48-62750B0F7AE1}.Release|Any CPU.ActiveCfg = Release|Any CPU
		{C2AAD500-112A-4990-BC48-62750B0F7AE1}.Release|Any CPU.Build.0 = Release|Any CPU
		{C2AAD500-112A-4990-BC48-62750B0F7AE1}.Release|Any CPU.Deploy.0 = Release|Any CPU
		{C2AAD500-112A-4990-BC48-62750B0F7AE1}.Release|ARM.ActiveCfg = Release|ARM
		{C2AAD500-112A-4990-BC48-62750B0F7AE1}.Release|ARM.Build.0 = Release|ARM
		{C2AAD500-112A-4990-BC48-62750B0F7AE1}.Release|ARM.Deploy.0 = Release|ARM
		{C2AAD500-112A-4990-BC48-62750B0F7AE1}.Release|x64.ActiveCfg = Release|Any CPU
		{C2AAD500-112A-4990-BC48-62750B0F7AE1}.Release|x86.ActiveCfg = Release|x86
		{C2AAD500-112A-4990-BC48-62750B0F7AE1}.Release|x86.Build.0 = Release|x86
		{C2AAD500-112A-4990-BC48-62750B0F7AE1}.Release|x86.Deploy.0 = Release|x86
		{E97EC1D2-50D8-476A-9013-DFA637521448}.Debug|Any CPU.ActiveCfg = Debug|Any CPU
		{E97EC1D2-50D8-476A-9013-DFA637521448}.Debug|Any CPU.Build.0 = Debug|Any CPU
		{E97EC1D2-50D8-476A-9013-DFA637521448}.Debug|ARM.ActiveCfg = Debug|Any CPU
		{E97EC1D2-50D8-476A-9013-DFA637521448}.Debug|x64.ActiveCfg = Debug|Any CPU
		{E97EC1D2-50D8-476A-9013-DFA637521448}.Debug|x86.ActiveCfg = Debug|Any CPU
		{E97EC1D2-50D8-476A-9013-DFA637521448}.Release|Any CPU.ActiveCfg = Release|Any CPU
		{E97EC1D2-50D8-476A-9013-DFA637521448}.Release|Any CPU.Build.0 = Release|Any CPU
		{E97EC1D2-50D8-476A-9013-DFA637521448}.Release|ARM.ActiveCfg = Release|Any CPU
		{E97EC1D2-50D8-476A-9013-DFA637521448}.Release|x64.ActiveCfg = Release|Any CPU
		{E97EC1D2-50D8-476A-9013-DFA637521448}.Release|x86.ActiveCfg = Release|Any CPU
	EndGlobalSection
	GlobalSection(SolutionProperties) = preSolution
		HideSolutionNode = FALSE
	EndGlobalSection
EndGlobal
